# This file is generated by running "yarn install" inside your project.
# Manual changes might be lost - proceed with caution!

__metadata:
  version: 4
  cacheKey: 8

"@babel/code-frame@npm:^7.0.0":
  version: 7.14.5
  resolution: "@babel/code-frame@npm:7.14.5"
  dependencies:
    "@babel/highlight": ^7.14.5
  checksum: 0adbe4f8d91586f764f524e57631f582ab988b2ef504391a5d89db29bfaaf7c67c237798ed4a249b6a2d7135852cf94d3d07ce6b9739dd1df1f271d5ed069565
  languageName: node
  linkType: hard

"@babel/helper-validator-identifier@npm:^7.14.5":
  version: 7.14.9
  resolution: "@babel/helper-validator-identifier@npm:7.14.9"
  checksum: 58552531a7674363e74672434c312ddaf1545b8a43308e1a7f38db58bf79c796c095a6dab6a6105eb0d783b97441f6cbb525bb887f29a35f232fcdbd8cb240dc
  languageName: node
  linkType: hard

"@babel/highlight@npm:^7.14.5":
  version: 7.14.5
  resolution: "@babel/highlight@npm:7.14.5"
  dependencies:
    "@babel/helper-validator-identifier": ^7.14.5
    chalk: ^2.0.0
    js-tokens: ^4.0.0
  checksum: 4e4b22fb886c939551d73307de16232c186fdb4d8ec8f514541b058feaecdba5234788a0740ca5bcd28777f4108596c39ac4b7463684c63b3812f6071e3fb88f
  languageName: node
  linkType: hard

"@types/minimist@npm:^1.2.2":
  version: 1.2.2
  resolution: "@types/minimist@npm:1.2.2"
  checksum: b8da83c66eb4aac0440e64674b19564d9d86c80ae273144db9681e5eeff66f238ade9515f5006ffbfa955ceff8b89ad2bd8ec577d7caee74ba101431fb07045d
  languageName: node
  linkType: hard

"@types/node@npm:^16.7.0":
  version: 16.7.0
  resolution: "@types/node@npm:16.7.0"
  checksum: 8fa8e04a12a09ce6fe89a20bc304489b88734395d4b1bce7885e74d3f630e5eac55be301555330648f48061326b0ae79d27abf9affb74ae287658560147688dd
  languageName: node
  linkType: hard

"@types/normalize-package-data@npm:^2.4.0":
  version: 2.4.1
  resolution: "@types/normalize-package-data@npm:2.4.1"
  checksum: e87bccbf11f95035c89a132b52b79ce69a1e3652fe55962363063c9c0dae0fe2477ebc585e03a9652adc6f381d24ba5589cc5e51849df4ced3d3e004a7d40ed5
  languageName: node
  linkType: hard

"ansi-styles@npm:^3.2.1":
  version: 3.2.1
  resolution: "ansi-styles@npm:3.2.1"
  dependencies:
    color-convert: ^1.9.0
  checksum: d85ade01c10e5dd77b6c89f34ed7531da5830d2cb5882c645f330079975b716438cd7ebb81d0d6e6b4f9c577f19ae41ab55f07f19786b02f9dfd9e0377395665
  languageName: node
  linkType: hard

"arrify@npm:^1.0.1":
  version: 1.0.1
  resolution: "arrify@npm:1.0.1"
  checksum: 745075dd4a4624ff0225c331dacb99be501a515d39bcb7c84d24660314a6ec28e68131b137e6f7e16318170842ce97538cd298fc4cd6b2cc798e0b957f2747e7
  languageName: node
  linkType: hard

"browserslist@npm:^4.16.8":
  version: 4.16.8
  resolution: "browserslist@npm:4.16.8"
  dependencies:
    caniuse-lite: ^1.0.30001251
    colorette: ^1.3.0
    electron-to-chromium: ^1.3.811
    escalade: ^3.1.1
    node-releases: ^1.1.75
  bin:
    browserslist: cli.js
  checksum: a442ab2156b95bc88627591c5af6f3e4952eab4a3b1eef942af37bbeaa717f60a78b31890c76b1ade08e881c541c6ac9e7a74f0a66968658e9fe013e69e69093
  languageName: node
  linkType: hard

"camelcase-keys@npm:^7.0.0":
  version: 7.0.0
  resolution: "camelcase-keys@npm:7.0.0"
  dependencies:
    camelcase: ^6.2.0
    map-obj: ^4.1.0
    quick-lru: ^5.1.1
    type-fest: ^1.2.1
  checksum: 191a5b8d351665c1757230d84d28e33773b768bc8a8a0b9f63be95d50298fea5151d486c822df507fdfd3dc5993f02de8ee8b6d18d093881ef3bc27e69d0b955
  languageName: node
  linkType: hard

"camelcase@npm:^6.2.0":
  version: 6.2.0
  resolution: "camelcase@npm:6.2.0"
  checksum: 8335cfd0ecc472eae685896a42afd8c9dacd193a91f569120b931c87deb053a1ba82102031b9b48a4dbc1d18066caeacf2e4ace8c3c7f0d02936d348dc0b5a87
  languageName: node
  linkType: hard

"caniuse-lite@npm:^1.0.30001251":
  version: 1.0.30001251
  resolution: "caniuse-lite@npm:1.0.30001251"
  checksum: 918e1b1662c26c11291206146bc305d7fd1ca351aa9231c2e21cb1526d87b444830e2d8dc54416ebb8ecf7e0addea12d66a1c41493476229987e5e6922f0c14b
  languageName: node
  linkType: hard

"chalk@npm:^2.0.0":
  version: 2.4.2
  resolution: "chalk@npm:2.4.2"
  dependencies:
    ansi-styles: ^3.2.1
    escape-string-regexp: ^1.0.5
    supports-color: ^5.3.0
  checksum: ec3661d38fe77f681200f878edbd9448821924e0f93a9cefc0e26a33b145f1027a2084bf19967160d11e1f03bfe4eaffcabf5493b89098b2782c3fe0b03d80c2
  languageName: node
  linkType: hard

"color-convert@npm:^1.9.0":
  version: 1.9.3
  resolution: "color-convert@npm:1.9.3"
  dependencies:
    color-name: 1.1.3
  checksum: fd7a64a17cde98fb923b1dd05c5f2e6f7aefda1b60d67e8d449f9328b4e53b228a428fd38bfeaeb2db2ff6b6503a776a996150b80cdf224062af08a5c8a3a203
  languageName: node
  linkType: hard

"color-name@npm:1.1.3":
  version: 1.1.3
  resolution: "color-name@npm:1.1.3"
  checksum: 09c5d3e33d2105850153b14466501f2bfb30324a2f76568a408763a3b7433b0e50e5b4ab1947868e65cb101bb7cb75029553f2c333b6d4b8138a73fcc133d69d
  languageName: node
  linkType: hard

"colorette@npm:^1.3.0":
  version: 1.3.0
  resolution: "colorette@npm:1.3.0"
  checksum: bda403dfba4d032bee4169f2a6436a83ae3da488a53bcb3be92dc44ace056518245cc614b12429d7529493d6b090a119b2523b0d55e8cd6b81ad939a3003c008
  languageName: node
  linkType: hard

"decamelize-keys@npm:^1.1.0":
  version: 1.1.0
  resolution: "decamelize-keys@npm:1.1.0"
  dependencies:
    decamelize: ^1.1.0
    map-obj: ^1.0.0
  checksum: 8bc5d32e035a072f5dffc1f1f3d26ca7ab1fb44a9cade34c97ab6cd1e62c81a87e718101e96de07d78cecda20a3fdb955df958e46671ccad01bb8dcf0de2e298
  languageName: node
  linkType: hard

"decamelize@npm:^1.1.0":
  version: 1.2.0
  resolution: "decamelize@npm:1.2.0"
  checksum: ad8c51a7e7e0720c70ec2eeb1163b66da03e7616d7b98c9ef43cce2416395e84c1e9548dd94f5f6ffecfee9f8b94251fc57121a8b021f2ff2469b2bae247b8aa
  languageName: node
  linkType: hard

"decamelize@npm:^5.0.0":
  version: 5.0.0
  resolution: "decamelize@npm:5.0.0"
  checksum: 60512c65227d04d24413b48063480ddb7631476853379672af3cbe1b6e556c9e850b4d65741906a8876b3b68de0f4293226659dc79ba161eb5f7fdec2214ee44
  languageName: node
  linkType: hard

"electron-to-chromium@npm:^1.3.811":
  version: 1.3.814
  resolution: "electron-to-chromium@npm:1.3.814"
  checksum: 5d74e2fdb46a2edff9d3940a7419aaa950ec07ef0bb89e843a4320222fe14b811b34079ffeac2f04cd21c468c71c10f6921b7e13648b6309f98f5cd42030726d
  languageName: node
  linkType: hard

"error-ex@npm:^1.3.1":
  version: 1.3.2
  resolution: "error-ex@npm:1.3.2"
  dependencies:
    is-arrayish: ^0.2.1
  checksum: c1c2b8b65f9c91b0f9d75f0debaa7ec5b35c266c2cac5de412c1a6de86d4cbae04ae44e510378cb14d032d0645a36925d0186f8bb7367bcc629db256b743a001
  languageName: node
  linkType: hard

"esbuild@npm:^0.12.21":
  version: 0.12.21
  resolution: "esbuild@npm:0.12.21"
  bin:
    esbuild: bin/esbuild
  checksum: c33c98e60c2c154553b6751864284b3b281ac5ef98008a16921e8540ea7c9c383c0aa04216838d47b1b6281f94f9897ef83a3ec53e20b423b4f75bcf8259aab2
  languageName: node
  linkType: hard

"escalade@npm:^3.1.1":
  version: 3.1.1
  resolution: "escalade@npm:3.1.1"
  checksum: a3e2a99f07acb74b3ad4989c48ca0c3140f69f923e56d0cba0526240ee470b91010f9d39001f2a4a313841d237ede70a729e92125191ba5d21e74b106800b133
  languageName: node
  linkType: hard

"escape-string-regexp@npm:^1.0.5":
  version: 1.0.5
  resolution: "escape-string-regexp@npm:1.0.5"
  checksum: 6092fda75c63b110c706b6a9bfde8a612ad595b628f0bd2147eea1d3406723020810e591effc7db1da91d80a71a737a313567c5abb3813e8d9c71f4aa595b410
  languageName: node
  linkType: hard

"find-up@npm:^5.0.0":
  version: 5.0.0
  resolution: "find-up@npm:5.0.0"
  dependencies:
    locate-path: ^6.0.0
    path-exists: ^4.0.0
  checksum: 07955e357348f34660bde7920783204ff5a26ac2cafcaa28bace494027158a97b9f56faaf2d89a6106211a8174db650dd9f503f9c0d526b1202d5554a00b9095
  languageName: node
  linkType: hard

"function-bind@npm:^1.1.1":
  version: 1.1.1
  resolution: "function-bind@npm:1.1.1"
  checksum: b32fbaebb3f8ec4969f033073b43f5c8befbb58f1a79e12f1d7490358150359ebd92f49e72ff0144f65f2c48ea2a605bff2d07965f548f6474fd8efd95bf361a
  languageName: node
  linkType: hard

"hard-rejection@npm:^2.1.0":
  version: 2.1.0
  resolution: "hard-rejection@npm:2.1.0"
  checksum: 7baaf80a0c7fff4ca79687b4060113f1529589852152fa935e6787a2bc96211e784ad4588fb3048136ff8ffc9dfcf3ae385314a5b24db32de20bea0d1597f9dc
  languageName: node
  linkType: hard

"has-flag@npm:^3.0.0":
  version: 3.0.0
  resolution: "has-flag@npm:3.0.0"
  checksum: 4a15638b454bf086c8148979aae044dd6e39d63904cd452d970374fa6a87623423da485dfb814e7be882e05c096a7ccf1ebd48e7e7501d0208d8384ff4dea73b
  languageName: node
  linkType: hard

"has@npm:^1.0.3":
  version: 1.0.3
  resolution: "has@npm:1.0.3"
  dependencies:
    function-bind: ^1.1.1
  checksum: b9ad53d53be4af90ce5d1c38331e712522417d017d5ef1ebd0507e07c2fbad8686fffb8e12ddecd4c39ca9b9b47431afbb975b8abf7f3c3b82c98e9aad052792
  languageName: node
  linkType: hard

"hosted-git-info@npm:^4.0.1":
  version: 4.0.2
  resolution: "hosted-git-info@npm:4.0.2"
  dependencies:
    lru-cache: ^6.0.0
  checksum: d1b2d7720398ce96a788bd38d198fbddce089a2381f63cfb01743e6c7e5aed656e5547fe74090fb9fe53b2cb785b0e8c9ebdddadff48ed26bb471dd23cd25458
  languageName: node
  linkType: hard

"indent-string@npm:^5.0.0":
  version: 5.0.0
  resolution: "indent-string@npm:5.0.0"
  checksum: e466c27b6373440e6d84fbc19e750219ce25865cb82d578e41a6053d727e5520dc5725217d6eb1cc76005a1bb1696a0f106d84ce7ebda3033b963a38583fb3b3
  languageName: node
  linkType: hard

"is-arrayish@npm:^0.2.1":
  version: 0.2.1
  resolution: "is-arrayish@npm:0.2.1"
  checksum: eef4417e3c10e60e2c810b6084942b3ead455af16c4509959a27e490e7aee87cfb3f38e01bbde92220b528a0ee1a18d52b787e1458ee86174d8c7f0e58cd488f
  languageName: node
  linkType: hard

"is-core-module@npm:^2.5.0":
  version: 2.6.0
  resolution: "is-core-module@npm:2.6.0"
  dependencies:
    has: ^1.0.3
  checksum: 183b3b96fed19822b13959876b0317e61fc2cb5ebcbc21639904c81f7ae328af57f8e18cc4750a9c4abebd686130c70d34a89521e57dbe002edfa4614507ce18
  languageName: node
  linkType: hard

"is-plain-obj@npm:^1.1.0":
  version: 1.1.0
  resolution: "is-plain-obj@npm:1.1.0"
  checksum: 0ee04807797aad50859652a7467481816cbb57e5cc97d813a7dcd8915da8195dc68c436010bf39d195226cde6a2d352f4b815f16f26b7bf486a5754290629931
  languageName: node
  linkType: hard

"js-tokens@npm:^4.0.0":
  version: 4.0.0
  resolution: "js-tokens@npm:4.0.0"
  checksum: 8a95213a5a77deb6cbe94d86340e8d9ace2b93bc367790b260101d2f36a2eaf4e4e22d9fa9cf459b38af3a32fb4190e638024cf82ec95ef708680e405ea7cc78
  languageName: node
  linkType: hard

"json-parse-even-better-errors@npm:^2.3.0":
  version: 2.3.1
  resolution: "json-parse-even-better-errors@npm:2.3.1"
  checksum: 798ed4cf3354a2d9ccd78e86d2169515a0097a5c133337807cdf7f1fc32e1391d207ccfc276518cc1d7d8d4db93288b8a50ba4293d212ad1336e52a8ec0a941f
  languageName: node
  linkType: hard

"kind-of@npm:^6.0.3":
  version: 6.0.3
  resolution: "kind-of@npm:6.0.3"
  checksum: 3ab01e7b1d440b22fe4c31f23d8d38b4d9b91d9f291df683476576493d5dfd2e03848a8b05813dd0c3f0e835bc63f433007ddeceb71f05cb25c45ae1b19c6d3b
  languageName: node
  linkType: hard

"lines-and-columns@npm:^1.1.6":
  version: 1.1.6
  resolution: "lines-and-columns@npm:1.1.6"
  checksum: 198a5436b1fa5cf703bae719c01c686b076f0ad7e1aafd95a58d626cabff302dc0414822126f2f80b58a8c3d66cda8a7b6da064f27130f87e1d3506d6dfd0d68
  languageName: node
  linkType: hard

"locate-path@npm:^6.0.0":
  version: 6.0.0
  resolution: "locate-path@npm:6.0.0"
  dependencies:
    p-locate: ^5.0.0
  checksum: 72eb661788a0368c099a184c59d2fee760b3831c9c1c33955e8a19ae4a21b4116e53fa736dc086cdeb9fce9f7cc508f2f92d2d3aae516f133e16a2bb59a39f5a
  languageName: node
  linkType: hard

"lru-cache@npm:^6.0.0":
  version: 6.0.0
  resolution: "lru-cache@npm:6.0.0"
  dependencies:
    yallist: ^4.0.0
  checksum: f97f499f898f23e4585742138a22f22526254fdba6d75d41a1c2526b3b6cc5747ef59c5612ba7375f42aca4f8461950e925ba08c991ead0651b4918b7c978297
  languageName: node
  linkType: hard

"map-obj@npm:^1.0.0":
  version: 1.0.1
  resolution: "map-obj@npm:1.0.1"
  checksum: 9949e7baec2a336e63b8d4dc71018c117c3ce6e39d2451ccbfd3b8350c547c4f6af331a4cbe1c83193d7c6b786082b6256bde843db90cb7da2a21e8fcc28afed
  languageName: node
  linkType: hard

"map-obj@npm:^4.1.0":
  version: 4.2.1
  resolution: "map-obj@npm:4.2.1"
  checksum: 2745227b11ba6e6ddc5927b555a8f317aa33886fcd12806193f3e3c6f201eb24c9cff44bf932b1113a1ba461755a479b22439d0d670380330325164ed0e99547
  languageName: node
  linkType: hard

"meow@npm:^10.1.1":
  version: 10.1.1
  resolution: "meow@npm:10.1.1"
  dependencies:
    "@types/minimist": ^1.2.2
    camelcase-keys: ^7.0.0
    decamelize: ^5.0.0
    decamelize-keys: ^1.1.0
    hard-rejection: ^2.1.0
    minimist-options: 4.1.0
    normalize-package-data: ^3.0.2
    read-pkg-up: ^8.0.0
    redent: ^4.0.0
    trim-newlines: ^4.0.2
    type-fest: ^1.2.2
    yargs-parser: ^20.2.9
  checksum: 3503c4d8603bf5d97c8743c54a7032c68ff6f91414850032126f08e318de2b815ec167b7b932b6bee8a540484ae37f2fd54f87eaad82095e1bde5fc4373985ed
  languageName: node
  linkType: hard

"min-indent@npm:^1.0.1":
  version: 1.0.1
  resolution: "min-indent@npm:1.0.1"
  checksum: bfc6dd03c5eaf623a4963ebd94d087f6f4bbbfd8c41329a7f09706b0cb66969c4ddd336abeb587bc44bc6f08e13bf90f0b374f9d71f9f01e04adc2cd6f083ef1
  languageName: node
  linkType: hard

"minimist-options@npm:4.1.0":
  version: 4.1.0
  resolution: "minimist-options@npm:4.1.0"
  dependencies:
    arrify: ^1.0.1
    is-plain-obj: ^1.1.0
    kind-of: ^6.0.3
  checksum: 8c040b3068811e79de1140ca2b708d3e203c8003eb9a414c1ab3cd467fc5f17c9ca02a5aef23bedc51a7f8bfbe77f87e9a7e31ec81fba304cda675b019496f4e
  languageName: node
  linkType: hard

"mri@npm:^1.1.5":
  version: 1.1.6
  resolution: "mri@npm:1.1.6"
  checksum: c568269a40e2e95d48f28b88ab8b24bdc7c586edbfbb3e5ce7a4e3cee0665aef673b86bc2b63c98289d29b573a39d0e054924e415286a8dafdabfc68785746c7
  languageName: node
  linkType: hard

"nanobundle@workspace:.":
  version: 0.0.0-use.local
  resolution: "nanobundle@workspace:."
  dependencies:
    "@types/node": ^16.7.0
    browserslist: ^4.16.8
    esbuild: ^0.12.21
    meow: ^10.1.1
    typescript: ^4.3.5
    watchlist: ^0.2.3
  bin:
    nanobundle: ./bin.mjs
  languageName: unknown
  linkType: soft

"node-releases@npm:^1.1.75":
  version: 1.1.75
  resolution: "node-releases@npm:1.1.75"
  checksum: 74028e7d193c9c5986b2f6bb51f4f6405a3f144599bbb19751c81faece52af8eb3f5abac40cbcd11ead44be3f856be125aa71fbb8dd8bf0c7f90caa94179ee51
  languageName: node
  linkType: hard

"normalize-package-data@npm:^3.0.2":
  version: 3.0.3
  resolution: "normalize-package-data@npm:3.0.3"
  dependencies:
    hosted-git-info: ^4.0.1
    is-core-module: ^2.5.0
    semver: ^7.3.4
    validate-npm-package-license: ^3.0.1
  checksum: bbcee00339e7c26fdbc760f9b66d429258e2ceca41a5df41f5df06cc7652de8d82e8679ff188ca095cad8eff2b6118d7d866af2b68400f74602fbcbce39c160a
  languageName: node
  linkType: hard

"p-limit@npm:^3.0.2":
  version: 3.1.0
  resolution: "p-limit@npm:3.1.0"
  dependencies:
    yocto-queue: ^0.1.0
  checksum: 7c3690c4dbf62ef625671e20b7bdf1cbc9534e83352a2780f165b0d3ceba21907e77ad63401708145ca4e25bfc51636588d89a8c0aeb715e6c37d1c066430360
  languageName: node
  linkType: hard

"p-locate@npm:^5.0.0":
  version: 5.0.0
  resolution: "p-locate@npm:5.0.0"
  dependencies:
    p-limit: ^3.0.2
  checksum: 1623088f36cf1cbca58e9b61c4e62bf0c60a07af5ae1ca99a720837356b5b6c5ba3eb1b2127e47a06865fee59dd0453cad7cc844cda9d5a62ac1a5a51b7c86d3
  languageName: node
  linkType: hard

"parse-json@npm:^5.2.0":
  version: 5.2.0
  resolution: "parse-json@npm:5.2.0"
  dependencies:
    "@babel/code-frame": ^7.0.0
    error-ex: ^1.3.1
    json-parse-even-better-errors: ^2.3.0
    lines-and-columns: ^1.1.6
  checksum: 62085b17d64da57f40f6afc2ac1f4d95def18c4323577e1eced571db75d9ab59b297d1d10582920f84b15985cbfc6b6d450ccbf317644cfa176f3ed982ad87e2
  languageName: node
  linkType: hard

"path-exists@npm:^4.0.0":
  version: 4.0.0
  resolution: "path-exists@npm:4.0.0"
  checksum: 505807199dfb7c50737b057dd8d351b82c033029ab94cb10a657609e00c1bc53b951cfdbccab8de04c5584d5eff31128ce6afd3db79281874a5ef2adbba55ed1
  languageName: node
  linkType: hard

"quick-lru@npm:^5.1.1":
  version: 5.1.1
  resolution: "quick-lru@npm:5.1.1"
  checksum: a516faa25574be7947969883e6068dbe4aa19e8ef8e8e0fd96cddd6d36485e9106d85c0041a27153286b0770b381328f4072aa40d3b18a19f5f7d2b78b94b5ed
  languageName: node
  linkType: hard

"read-pkg-up@npm:^8.0.0":
  version: 8.0.0
  resolution: "read-pkg-up@npm:8.0.0"
  dependencies:
    find-up: ^5.0.0
    read-pkg: ^6.0.0
    type-fest: ^1.0.1
  checksum: fe4c80401656b40b408884457fffb5a8015c03b1018cfd8e48f8d82a5e9023e24963603aeb2755608d964593e046c15b34d29b07d35af9c7aa478be81805209c
  languageName: node
  linkType: hard

"read-pkg@npm:^6.0.0":
  version: 6.0.0
  resolution: "read-pkg@npm:6.0.0"
  dependencies:
    "@types/normalize-package-data": ^2.4.0
    normalize-package-data: ^3.0.2
    parse-json: ^5.2.0
    type-fest: ^1.0.1
  checksum: 0cebdff381128e923815c643074a87011070e5fc352bee575d327d6485da3317fab6d802a7b03deeb0be7be8d3ad1640397b3d5d2f044452caf4e8d1736bf94f
  languageName: node
  linkType: hard

"redent@npm:^4.0.0":
  version: 4.0.0
  resolution: "redent@npm:4.0.0"
  dependencies:
    indent-string: ^5.0.0
    strip-indent: ^4.0.0
  checksum: 6944e7b1d8f3fd28c2515f5c605b9f7f0ea0f4edddf41890bbbdd4d9ee35abb7540c3b278f03ff827bd278bb6ff4a5bd8692ca406b748c5c1c3ce7355e9fbf8f
  languageName: node
  linkType: hard

"semver@npm:^7.3.4":
  version: 7.3.5
  resolution: "semver@npm:7.3.5"
  dependencies:
    lru-cache: ^6.0.0
  bin:
    semver: bin/semver.js
  checksum: 5eafe6102bea2a7439897c1856362e31cc348ccf96efd455c8b5bc2c61e6f7e7b8250dc26b8828c1d76a56f818a7ee907a36ae9fb37a599d3d24609207001d60
  languageName: node
  linkType: hard

"spdx-correct@npm:^3.0.0":
  version: 3.1.1
  resolution: "spdx-correct@npm:3.1.1"
  dependencies:
    spdx-expression-parse: ^3.0.0
    spdx-license-ids: ^3.0.0
  checksum: 77ce438344a34f9930feffa61be0eddcda5b55fc592906ef75621d4b52c07400a97084d8701557b13f7d2aae0cb64f808431f469e566ef3fe0a3a131dcb775a6
  languageName: node
  linkType: hard

"spdx-exceptions@npm:^2.1.0":
  version: 2.3.0
  resolution: "spdx-exceptions@npm:2.3.0"
  checksum: cb69a26fa3b46305637123cd37c85f75610e8c477b6476fa7354eb67c08128d159f1d36715f19be6f9daf4b680337deb8c65acdcae7f2608ba51931540687ac0
  languageName: node
  linkType: hard

"spdx-expression-parse@npm:^3.0.0":
  version: 3.0.1
  resolution: "spdx-expression-parse@npm:3.0.1"
  dependencies:
    spdx-exceptions: ^2.1.0
    spdx-license-ids: ^3.0.0
  checksum: a1c6e104a2cbada7a593eaa9f430bd5e148ef5290d4c0409899855ce8b1c39652bcc88a725259491a82601159d6dc790bedefc9016c7472f7de8de7361f8ccde
  languageName: node
  linkType: hard

"spdx-license-ids@npm:^3.0.0":
  version: 3.0.10
  resolution: "spdx-license-ids@npm:3.0.10"
  checksum: 94fde6f558941f82c737433000e20678eccad448fe5e87cbb98ba1d811a120ddf7fbc4a7a3ebfcd2f49c8c4541ba6537af07750ca5cb54900a064d53f68b888d
  languageName: node
  linkType: hard

"strip-indent@npm:^4.0.0":
  version: 4.0.0
  resolution: "strip-indent@npm:4.0.0"
  dependencies:
    min-indent: ^1.0.1
  checksum: 06cbcd93da721c46bc13caeb1c00af93a9b18146a1c95927672d2decab6a25ad83662772417cea9317a2507fb143253ecc23c4415b64f5828cef9b638a744598
  languageName: node
  linkType: hard

"supports-color@npm:^5.3.0":
  version: 5.5.0
  resolution: "supports-color@npm:5.5.0"
  dependencies:
    has-flag: ^3.0.0
  checksum: 95f6f4ba5afdf92f495b5a912d4abee8dcba766ae719b975c56c084f5004845f6f5a5f7769f52d53f40e21952a6d87411bafe34af4a01e65f9926002e38e1dac
  languageName: node
  linkType: hard

"trim-newlines@npm:^4.0.2":
  version: 4.0.2
  resolution: "trim-newlines@npm:4.0.2"
  checksum: 1eef206eb77361856dff0b827e5811baf64574bb21e81b7ad643fe321c5c19b0a452dd83e9afc31206993fcff9bb90a379925d7b5915f887de1ca7da5b57933a
  languageName: node
  linkType: hard

"type-fest@npm:^1.0.1, type-fest@npm:^1.2.1, type-fest@npm:^1.2.2":
  version: 1.4.0
  resolution: "type-fest@npm:1.4.0"
  checksum: b011c3388665b097ae6a109a437a04d6f61d81b7357f74cbcb02246f2f5bd72b888ae33631b99871388122ba0a87f4ff1c94078e7119ff22c70e52c0ff828201
  languageName: node
  linkType: hard

typescript@^4.3.5:
  version: 4.3.5
  resolution: "typescript@npm:4.3.5"
  bin:
    tsc: bin/tsc
    tsserver: bin/tsserver
  checksum: bab033b5e2b0790dd35b77fd005df976ef80b8d84fd2c6e63cc31808151875beae9216e5a315fe7068e8499905c3c354248fe83272cdfc13b7705635f0c66c97
  languageName: node
  linkType: hard

"typescript@patch:typescript@^4.3.5#~builtin<compat/typescript>":
  version: 4.3.5
  resolution: "typescript@patch:typescript@npm%3A4.3.5#~builtin<compat/typescript>::version=4.3.5&hash=d8b4e7"
  bin:
    tsc: bin/tsc
    tsserver: bin/tsserver
  checksum: bc2c4fdf0f1557fdafe4ef74848c72ebd9c8c60829568248f869121aea2bb20e16649a252431d0acb185ec118143be22bed73d08f64379557810d82756afedde
  languageName: node
  linkType: hard

"validate-npm-package-license@npm:^3.0.1":
  version: 3.0.4
  resolution: "validate-npm-package-license@npm:3.0.4"
  dependencies:
    spdx-correct: ^3.0.0
    spdx-expression-parse: ^3.0.0
  checksum: 35703ac889d419cf2aceef63daeadbe4e77227c39ab6287eeb6c1b36a746b364f50ba22e88591f5d017bc54685d8137bc2d328d0a896e4d3fd22093c0f32a9ad
  languageName: node
  linkType: hard

"watchlist@npm:^0.2.3":
  version: 0.2.3
  resolution: "watchlist@npm:0.2.3"
  dependencies:
    mri: ^1.1.5
  bin:
    watchlist: bin.js
  checksum: 2292af60762d7fe6c9246b1854554dd5c01eb693a4a96800bd99b719bc67fe3bc1dba02af4f77eb19f802b8f9c9404667c0bf0e75f96db6fcbcc878733c60ca0
  languageName: node
  linkType: hard

"yallist@npm:^4.0.0":
  version: 4.0.0
  resolution: "yallist@npm:4.0.0"
  checksum: 343617202af32df2a15a3be36a5a8c0c8545208f3d3dfbc6bb7c3e3b7e8c6f8e7485432e4f3b88da3031a6e20afa7c711eded32ddfb122896ac5d914e75848d5
  languageName: node
  linkType: hard

"yargs-parser@npm:^20.2.9":
  version: 20.2.9
  resolution: "yargs-parser@npm:20.2.9"
  checksum: 8bb69015f2b0ff9e17b2c8e6bfe224ab463dd00ca211eece72a4cd8a906224d2703fb8a326d36fdd0e68701e201b2a60ed7cf81ce0fd9b3799f9fe7745977ae3
  languageName: node
  linkType: hard

"yocto-queue@npm:^0.1.0":
  version: 0.1.0
  resolution: "yocto-queue@npm:0.1.0"
  checksum: f77b3d8d00310def622123df93d4ee654fc6a0096182af8bd60679ddcdfb3474c56c6c7190817c84a2785648cdee9d721c0154eb45698c62176c322fb46fc700
  languageName: node
  linkType: hard
